
Microsoft Visual Studio Solution File, Format Version 12.00
# Visual Studio Version 17
VisualStudioVersion = 17.10.34928.147
MinimumVisualStudioVersion = 10.0.40219.1
Project("{FAE04EC0-301F-11D3-BF4B-00C04F79EFBC}") = "Pokemones", "Pokemones\Pokemones.csproj", "{1D1B1D61-0F13-4884-A7B4-097218A61EF7}"
EndProject
Global
	GlobalSection(SolutionConfigurationPlatforms) = preSolution
		Debug|Any CPU = Debug|Any CPU
		Release|Any CPU = Release|Any CPU
	EndGlobalSection
	GlobalSection(ProjectConfigurationPlatforms) = postSolution
		{1D1B1D61-0F13-4884-A7B4-097218A61EF7}.Debug|Any CPU.ActiveCfg = Debug|Any CPU
		{1D1B1D61-0F13-4884-A7B4-097218A61EF7}.Debug|Any CPU.Build.0 = Debug|Any CPU
		{1D1B1D61-0F13-4884-A7B4-097218A61EF7}.Debug|Any CPU.Deploy.0 = Debug|Any CPU
		{1D1B1D61-0F13-4884-A7B4-097218A61EF7}.Release|Any CPU.ActiveCfg = Release|Any CPU
		{1D1B1D61-0F13-4884-A7B4-097218A61EF7}.Release|Any CPU.Build.0 = Release|Any CPU
		{1D1B1D61-0F13-4884-A7B4-097218A61EF7}.Release|Any CPU.Deploy.0 = Release|Any CPU
	EndGlobalSection
	GlobalSection(SolutionProperties) = preSolution
		HideSolutionNode = FALSE
	EndGlobalSection
	GlobalSection(ExtensibilityGlobals) = postSolution
		SolutionGuid = {E9D8B5EE-6E3F-436D-9231-3071BCE70DF2}
	EndGlobalSection
EndGlobal
